
Microsoft Visual Studio Solution File, Format Version 12.00
# Visual Studio Version 17
VisualStudioVersion = 17.12.35707.178 d17.12
MinimumVisualStudioVersion = 10.0.40219.1
Project("{FAE04EC0-301F-11D3-BF4B-00C04F79EFBC}") = "LilysMovieServer", "LilysMovieServer\LilysMovieServer.csproj", "{73F6F6BF-96CA-4D90-A06B-F49911DF350B}"
EndProject
Global
	GlobalSection(SolutionConfigurationPlatforms) = preSolution
		Debug|Any CPU = Debug|Any CPU
		Release|Any CPU = Release|Any CPU
	EndGlobalSection
	GlobalSection(ProjectConfigurationPlatforms) = postSolution
		{73F6F6BF-96CA-4D90-A06B-F49911DF350B}.Debug|Any CPU.ActiveCfg = Debug|Any CPU
		{73F6F6BF-96CA-4D90-A06B-F49911DF350B}.Debug|Any CPU.Build.0 = Debug|Any CPU
		{73F6F6BF-96CA-4D90-A06B-F49911DF350B}.Release|Any CPU.ActiveCfg = Release|Any CPU
		{73F6F6BF-96CA-4D90-A06B-F49911DF350B}.Release|Any CPU.Build.0 = Release|Any CPU
	EndGlobalSection
	GlobalSection(SolutionProperties) = preSolution
		HideSolutionNode = FALSE
	EndGlobalSection
EndGlobal
